
Microsoft Visual Studio Solution File, Format Version 12.00
# Visual Studio Version 17
VisualStudioVersion = 17.6.33723.286
MinimumVisualStudioVersion = 10.0.40219.1
Project("{8BC9CEB8-8B4A-11D0-8D11-00A0C91BC942}") = "process-inject", "process-inject\process-inject.vcxproj", "{4EFDE831-13E2-465B-BC64-28703F11CB7E}"
EndProject
Global
	GlobalSection(SolutionConfigurationPlatforms) = preSolution
		Debug|x64 = Debug|x64
		Debug|x86 = Debug|x86
		Release|x64 = Release|x64
		Release|x86 = Release|x86
	EndGlobalSection
	GlobalSection(ProjectConfigurationPlatforms) = postSolution
		{4EFDE831-13E2-465B-BC64-28703F11CB7E}.Debug|x64.ActiveCfg = Debug|x64
		{4EFDE831-13E2-465B-BC64-28703F11CB7E}.Debug|x64.Build.0 = Debug|x64
		{4EFDE831-13E2-465B-BC64-28703F11CB7E}.Debug|x86.ActiveCfg = Debug|Win32
		{4EFDE831-13E2-465B-BC64-28703F11CB7E}.Debug|x86.Build.0 = Debug|Win32
		{4EFDE831-13E2-465B-BC64-28703F11CB7E}.Release|x64.ActiveCfg = Release|x64
		{4EFDE831-13E2-465B-BC64-28703F11CB7E}.Release|x64.Build.0 = Release|x64
		{4EFDE831-13E2-465B-BC64-28703F11CB7E}.Release|x86.ActiveCfg = Release|Win32
		{4EFDE831-13E2-465B-BC64-28703F11CB7E}.Release|x86.Build.0 = Release|Win32
	EndGlobalSection
	GlobalSection(SolutionProperties) = preSolution
		HideSolutionNode = FALSE
	EndGlobalSection
	GlobalSection(ExtensibilityGlobals) = postSolution
		SolutionGuid = {ECB1057F-DEE4-4838-B93C-F63577908BB4}
	EndGlobalSection
EndGlobal
